// !$*UTF8*$!
{
	archiveVersion = 1;
	classes = {
	};
	objectVersion = 46;
	objects = {

/* Begin PBXBuildFile section */
		02E3E1B764AA243E1C007F92 /* Pods_TICircleProgressView.framework in Frameworks */ = {isa = PBXBuildFile; fileRef = 70AAA1042B3127DE7AAB9820 /* Pods_TICircleProgressView.framework */; };
		040690D27E4BAE8A2C7AE652 /* Pods_TICircleProgressViewTests.framework in Frameworks */ = {isa = PBXBuildFile; fileRef = 175BDAEE41A3EA17D0FD664C /* Pods_TICircleProgressViewTests.framework */; };
		4E50C2311CC920D4007FEBBB /* AppDelegate.swift in Sources */ = {isa = PBXBuildFile; fileRef = 4E50C2301CC920D4007FEBBB /* AppDelegate.swift */; };
		4E50C2331CC920D4007FEBBB /* ViewController.swift in Sources */ = {isa = PBXBuildFile; fileRef = 4E50C2321CC920D4007FEBBB /* ViewController.swift */; };
		4E50C2361CC920D4007FEBBB /* Main.storyboard in Resources */ = {isa = PBXBuildFile; fileRef = 4E50C2341CC920D4007FEBBB /* Main.storyboard */; };
		4E50C2381CC920D4007FEBBB /* Assets.xcassets in Resources */ = {isa = PBXBuildFile; fileRef = 4E50C2371CC920D4007FEBBB /* Assets.xcassets */; };
		4E50C23B1CC920D4007FEBBB /* LaunchScreen.storyboard in Resources */ = {isa = PBXBuildFile; fileRef = 4E50C2391CC920D4007FEBBB /* LaunchScreen.storyboard */; };
		4E50C2461CC920D4007FEBBB /* TICircleProgressTests.swift in Sources */ = {isa = PBXBuildFile; fileRef = 4E50C2451CC920D4007FEBBB /* TICircleProgressTests.swift */; };
		4E50C2541CC92226007FEBBB /* README.md in Resources */ = {isa = PBXBuildFile; fileRef = 4E50C2531CC92226007FEBBB /* README.md */; };
/* End PBXBuildFile section */

/* Begin PBXContainerItemProxy section */
		4E50C2421CC920D4007FEBBB /* PBXContainerItemProxy */ = {
			isa = PBXContainerItemProxy;
			containerPortal = 4E50C2251CC920D4007FEBBB /* Project object */;
			proxyType = 1;
			remoteGlobalIDString = 4E50C22C1CC920D4007FEBBB;
			remoteInfo = TICircleProgress;
		};
/* End PBXContainerItemProxy section */

/* Begin PBXCopyFilesBuildPhase section */
		32FE67711DE1FA27005E0926 /* Embed Frameworks */ = {
			isa = PBXCopyFilesBuildPhase;
			buildActionMask = 2147483647;
			dstPath = "";
			dstSubfolderSpec = 10;
			files = (
			);
			name = "Embed Frameworks";
			runOnlyForDeploymentPostprocessing = 0;
		};
/* End PBXCopyFilesBuildPhase section */

/* Begin PBXFileReference section */
		00D3E5A7050D9821A9B178C2 /* Pods-TICircleProgressView.debug.xcconfig */ = {isa = PBXFileReference; includeInIndex = 1; lastKnownFileType = text.xcconfig; name = "Pods-TICircleProgressView.debug.xcconfig"; path = "Pods/Target Support Files/Pods-TICircleProgressView/Pods-TICircleProgressView.debug.xcconfig"; sourceTree = "<group>"; };
		175BDAEE41A3EA17D0FD664C /* Pods_TICircleProgressViewTests.framework */ = {isa = PBXFileReference; explicitFileType = wrapper.framework; includeInIndex = 0; path = Pods_TICircleProgressViewTests.framework; sourceTree = BUILT_PRODUCTS_DIR; };
		374A5DB1CFA970736D03CBB4 /* Pods-TICircleProgressView.release.xcconfig */ = {isa = PBXFileReference; includeInIndex = 1; lastKnownFileType = text.xcconfig; name = "Pods-TICircleProgressView.release.xcconfig"; path = "Pods/Target Support Files/Pods-TICircleProgressView/Pods-TICircleProgressView.release.xcconfig"; sourceTree = "<group>"; };
		3D5B4E779F2E1A11A7DFB15F /* Pods-TICircleProgressViewTests.debug.xcconfig */ = {isa = PBXFileReference; includeInIndex = 1; lastKnownFileType = text.xcconfig; name = "Pods-TICircleProgressViewTests.debug.xcconfig"; path = "Pods/Target Support Files/Pods-TICircleProgressViewTests/Pods-TICircleProgressViewTests.debug.xcconfig"; sourceTree = "<group>"; };
		4E50C22D1CC920D4007FEBBB /* TICircleProgressView.app */ = {isa = PBXFileReference; explicitFileType = wrapper.application; includeInIndex = 0; path = TICircleProgressView.app; sourceTree = BUILT_PRODUCTS_DIR; };
		4E50C2301CC920D4007FEBBB /* AppDelegate.swift */ = {isa = PBXFileReference; lastKnownFileType = sourcecode.swift; path = AppDelegate.swift; sourceTree = "<group>"; };
		4E50C2321CC920D4007FEBBB /* ViewController.swift */ = {isa = PBXFileReference; lastKnownFileType = sourcecode.swift; path = ViewController.swift; sourceTree = "<group>"; };
		4E50C2351CC920D4007FEBBB /* Base */ = {isa = PBXFileReference; lastKnownFileType = file.storyboard; name = Base; path = Base.lproj/Main.storyboard; sourceTree = "<group>"; };
		4E50C2371CC920D4007FEBBB /* Assets.xcassets */ = {isa = PBXFileReference; lastKnownFileType = folder.assetcatalog; path = Assets.xcassets; sourceTree = "<group>"; };
		4E50C23A1CC920D4007FEBBB /* Base */ = {isa = PBXFileReference; lastKnownFileType = file.storyboard; name = Base; path = Base.lproj/LaunchScreen.storyboard; sourceTree = "<group>"; };
		4E50C23C1CC920D4007FEBBB /* Info.plist */ = {isa = PBXFileReference; lastKnownFileType = text.plist.xml; path = Info.plist; sourceTree = "<group>"; };
		4E50C2411CC920D4007FEBBB /* TICircleProgressView.xctest */ = {isa = PBXFileReference; explicitFileType = wrapper.cfbundle; includeInIndex = 0; path = TICircleProgressView.xctest; sourceTree = BUILT_PRODUCTS_DIR; };
		4E50C2451CC920D4007FEBBB /* TICircleProgressTests.swift */ = {isa = PBXFileReference; lastKnownFileType = sourcecode.swift; path = TICircleProgressTests.swift; sourceTree = "<group>"; };
		4E50C2471CC920D4007FEBBB /* Info.plist */ = {isa = PBXFileReference; lastKnownFileType = text.plist.xml; path = Info.plist; sourceTree = "<group>"; };
		4E50C2531CC92226007FEBBB /* README.md */ = {isa = PBXFileReference; fileEncoding = 4; lastKnownFileType = net.daringfireball.markdown; path = README.md; sourceTree = "<group>"; };
		70AAA1042B3127DE7AAB9820 /* Pods_TICircleProgressView.framework */ = {isa = PBXFileReference; explicitFileType = wrapper.framework; includeInIndex = 0; path = Pods_TICircleProgressView.framework; sourceTree = BUILT_PRODUCTS_DIR; };
		AB9CB0C2960E4C099F37159F /* Pods-TICircleProgressViewTests.release.xcconfig */ = {isa = PBXFileReference; includeInIndex = 1; lastKnownFileType = text.xcconfig; name = "Pods-TICircleProgressViewTests.release.xcconfig"; path = "Pods/Target Support Files/Pods-TICircleProgressViewTests/Pods-TICircleProgressViewTests.release.xcconfig"; sourceTree = "<group>"; };
/* End PBXFileReference section */

/* Begin PBXFrameworksBuildPhase section */
		4E50C22A1CC920D4007FEBBB /* Frameworks */ = {
			isa = PBXFrameworksBuildPhase;
			buildActionMask = 2147483647;
			files = (
				02E3E1B764AA243E1C007F92 /* Pods_TICircleProgressView.framework in Frameworks */,
			);
			runOnlyForDeploymentPostprocessing = 0;
		};
		4E50C23E1CC920D4007FEBBB /* Frameworks */ = {
			isa = PBXFrameworksBuildPhase;
			buildActionMask = 2147483647;
			files = (
				040690D27E4BAE8A2C7AE652 /* Pods_TICircleProgressViewTests.framework in Frameworks */,
			);
			runOnlyForDeploymentPostprocessing = 0;
		};
/* End PBXFrameworksBuildPhase section */

/* Begin PBXGroup section */
		16ABF16319FA0BBB8351B344 /* Frameworks */ = {
			isa = PBXGroup;
			children = (
				70AAA1042B3127DE7AAB9820 /* Pods_TICircleProgressView.framework */,
				175BDAEE41A3EA17D0FD664C /* Pods_TICircleProgressViewTests.framework */,
			);
			name = Frameworks;
			sourceTree = "<group>";
		};
		4E50C2241CC920D4007FEBBB = {
			isa = PBXGroup;
			children = (
				4E50C2531CC92226007FEBBB /* README.md */,
				4E50C22F1CC920D4007FEBBB /* Example */,
				4E50C2441CC920D4007FEBBB /* TICircleProgressViewTests */,
				4E50C22E1CC920D4007FEBBB /* Products */,
				ABA334C0B20919CD51C50C7D /* Pods */,
				16ABF16319FA0BBB8351B344 /* Frameworks */,
			);
			sourceTree = "<group>";
		};
		4E50C22E1CC920D4007FEBBB /* Products */ = {
			isa = PBXGroup;
			children = (
				4E50C22D1CC920D4007FEBBB /* TICircleProgressView.app */,
				4E50C2411CC920D4007FEBBB /* TICircleProgressView.xctest */,
			);
			name = Products;
			sourceTree = "<group>";
		};
		4E50C22F1CC920D4007FEBBB /* Example */ = {
			isa = PBXGroup;
			children = (
				4E50C2301CC920D4007FEBBB /* AppDelegate.swift */,
				4E50C2321CC920D4007FEBBB /* ViewController.swift */,
				4E50C2341CC920D4007FEBBB /* Main.storyboard */,
				4E50C2371CC920D4007FEBBB /* Assets.xcassets */,
				4E50C2391CC920D4007FEBBB /* LaunchScreen.storyboard */,
				4E50C23C1CC920D4007FEBBB /* Info.plist */,
			);
			name = Example;
			path = TICircleProgress;
			sourceTree = "<group>";
		};
		4E50C2441CC920D4007FEBBB /* TICircleProgressViewTests */ = {
			isa = PBXGroup;
			children = (
				4E50C2451CC920D4007FEBBB /* TICircleProgressTests.swift */,
				4E50C2471CC920D4007FEBBB /* Info.plist */,
			);
			name = TICircleProgressViewTests;
			path = TICircleProgressTests;
			sourceTree = "<group>";
		};
		ABA334C0B20919CD51C50C7D /* Pods */ = {
			isa = PBXGroup;
			children = (
				3D5B4E779F2E1A11A7DFB15F /* Pods-TICircleProgressViewTests.debug.xcconfig */,
				AB9CB0C2960E4C099F37159F /* Pods-TICircleProgressViewTests.release.xcconfig */,
				00D3E5A7050D9821A9B178C2 /* Pods-TICircleProgressView.debug.xcconfig */,
				374A5DB1CFA970736D03CBB4 /* Pods-TICircleProgressView.release.xcconfig */,
			);
			name = Pods;
			sourceTree = "<group>";
		};
/* End PBXGroup section */

/* Begin PBXNativeTarget section */
		4E50C22C1CC920D4007FEBBB /* TICircleProgressView */ = {
			isa = PBXNativeTarget;
			buildConfigurationList = 4E50C24A1CC920D4007FEBBB /* Build configuration list for PBXNativeTarget "TICircleProgressView" */;
			buildPhases = (
				D0854D78CC2060025E66ADA5 /* [CP] Check Pods Manifest.lock */,
				4E50C2291CC920D4007FEBBB /* Sources */,
				4E50C22A1CC920D4007FEBBB /* Frameworks */,
				4E50C22B1CC920D4007FEBBB /* Resources */,
				32FE67711DE1FA27005E0926 /* Embed Frameworks */,
				3AE75C7E2C625692D9A92133 /* [CP] Embed Pods Frameworks */,
				EE07C9994690C30DB163B954 /* [CP] Copy Pods Resources */,
			);
			buildRules = (
			);
			dependencies = (
			);
			name = TICircleProgressView;
			productName = TICircleProgress;
			productReference = 4E50C22D1CC920D4007FEBBB /* TICircleProgressView.app */;
			productType = "com.apple.product-type.application";
		};
		4E50C2401CC920D4007FEBBB /* TICircleProgressViewTests */ = {
			isa = PBXNativeTarget;
			buildConfigurationList = 4E50C24D1CC920D4007FEBBB /* Build configuration list for PBXNativeTarget "TICircleProgressViewTests" */;
			buildPhases = (
				A39A480008198246C174EC74 /* [CP] Check Pods Manifest.lock */,
				4E50C23D1CC920D4007FEBBB /* Sources */,
				4E50C23E1CC920D4007FEBBB /* Frameworks */,
				4E50C23F1CC920D4007FEBBB /* Resources */,
				1B706DC4AD1D42FB7323D42B /* [CP] Embed Pods Frameworks */,
				21420152919DD79E2673EE63 /* [CP] Copy Pods Resources */,
			);
			buildRules = (
			);
			dependencies = (
				4E50C2431CC920D4007FEBBB /* PBXTargetDependency */,
			);
			name = TICircleProgressViewTests;
			productName = TICircleProgressTests;
			productReference = 4E50C2411CC920D4007FEBBB /* TICircleProgressView.xctest */;
			productType = "com.apple.product-type.bundle.unit-test";
		};
/* End PBXNativeTarget section */

/* Begin PBXProject section */
		4E50C2251CC920D4007FEBBB /* Project object */ = {
			isa = PBXProject;
			attributes = {
				LastSwiftUpdateCheck = 0730;
				LastUpgradeCheck = 0810;
				ORGANIZATIONNAME = "Todd Isaacs";
				TargetAttributes = {
					4E50C22C1CC920D4007FEBBB = {
						CreatedOnToolsVersion = 7.3;
						DevelopmentTeam = 9C759Q4CFH;
						LastSwiftMigration = 0910;
					};
					4E50C2401CC920D4007FEBBB = {
						CreatedOnToolsVersion = 7.3;
						DevelopmentTeam = 9C759Q4CFH;
						LastSwiftMigration = 0910;
						TestTargetID = 4E50C22C1CC920D4007FEBBB;
					};
				};
			};
			buildConfigurationList = 4E50C2281CC920D4007FEBBB /* Build configuration list for PBXProject "TICircleProgressView" */;
			compatibilityVersion = "Xcode 3.2";
			developmentRegion = English;
			hasScannedForEncodings = 0;
			knownRegions = (
				en,
				Base,
			);
			mainGroup = 4E50C2241CC920D4007FEBBB;
			productRefGroup = 4E50C22E1CC920D4007FEBBB /* Products */;
			projectDirPath = "";
			projectRoot = "";
			targets = (
				4E50C22C1CC920D4007FEBBB /* TICircleProgressView */,
				4E50C2401CC920D4007FEBBB /* TICircleProgressViewTests */,
			);
		};
/* End PBXProject section */

/* Begin PBXResourcesBuildPhase section */
		4E50C22B1CC920D4007FEBBB /* Resources */ = {
			isa = PBXResourcesBuildPhase;
			buildActionMask = 2147483647;
			files = (
				4E50C2541CC92226007FEBBB /* README.md in Resources */,
				4E50C23B1CC920D4007FEBBB /* LaunchScreen.storyboard in Resources */,
				4E50C2381CC920D4007FEBBB /* Assets.xcassets in Resources */,
				4E50C2361CC920D4007FEBBB /* Main.storyboard in Resources */,
			);
			runOnlyForDeploymentPostprocessing = 0;
		};
		4E50C23F1CC920D4007FEBBB /* Resources */ = {
			isa = PBXResourcesBuildPhase;
			buildActionMask = 2147483647;
			files = (
			);
			runOnlyForDeploymentPostprocessing = 0;
		};
/* End PBXResourcesBuildPhase section */

/* Begin PBXShellScriptBuildPhase section */
		1B706DC4AD1D42FB7323D42B /* [CP] Embed Pods Frameworks */ = {
			isa = PBXShellScriptBuildPhase;
			buildActionMask = 2147483647;
			files = (
			);
			inputPaths = (
			);
			name = "[CP] Embed Pods Frameworks";
			outputPaths = (
			);
			runOnlyForDeploymentPostprocessing = 0;
			shellPath = /bin/sh;
			shellScript = "\"${SRCROOT}/Pods/Target Support Files/Pods-TICircleProgressViewTests/Pods-TICircleProgressViewTests-frameworks.sh\"\n";
			showEnvVarsInLog = 0;
		};
		21420152919DD79E2673EE63 /* [CP] Copy Pods Resources */ = {
			isa = PBXShellScriptBuildPhase;
			buildActionMask = 2147483647;
			files = (
			);
			inputPaths = (
			);
			name = "[CP] Copy Pods Resources";
			outputPaths = (
			);
			runOnlyForDeploymentPostprocessing = 0;
			shellPath = /bin/sh;
			shellScript = "\"${SRCROOT}/Pods/Target Support Files/Pods-TICircleProgressViewTests/Pods-TICircleProgressViewTests-resources.sh\"\n";
			showEnvVarsInLog = 0;
		};
		3AE75C7E2C625692D9A92133 /* [CP] Embed Pods Frameworks */ = {
			isa = PBXShellScriptBuildPhase;
			buildActionMask = 2147483647;
			files = (
			);
			inputPaths = (
				"${SRCROOT}/Pods/Target Support Files/Pods-TICircleProgressView/Pods-TICircleProgressView-frameworks.sh",
				"${BUILT_PRODUCTS_DIR}/TICircleProgress/TICircleProgress.framework",
			);
			name = "[CP] Embed Pods Frameworks";
			outputPaths = (
				"${TARGET_BUILD_DIR}/${FRAMEWORKS_FOLDER_PATH}/TICircleProgress.framework",
			);
			runOnlyForDeploymentPostprocessing = 0;
			shellPath = /bin/sh;
			shellScript = "\"${SRCROOT}/Pods/Target Support Files/Pods-TICircleProgressView/Pods-TICircleProgressView-frameworks.sh\"\n";
			showEnvVarsInLog = 0;
		};
		A39A480008198246C174EC74 /* [CP] Check Pods Manifest.lock */ = {
			isa = PBXShellScriptBuildPhase;
			buildActionMask = 2147483647;
			files = (
			);
			inputPaths = (
				"${PODS_PODFILE_DIR_PATH}/Podfile.lock",
				"${PODS_ROOT}/Manifest.lock",
			);
			name = "[CP] Check Pods Manifest.lock";
			outputPaths = (
				"$(DERIVED_FILE_DIR)/Pods-TICircleProgressViewTests-checkManifestLockResult.txt",
			);
			runOnlyForDeploymentPostprocessing = 0;
			shellPath = /bin/sh;
			shellScript = "diff \"${PODS_PODFILE_DIR_PATH}/Podfile.lock\" \"${PODS_ROOT}/Manifest.lock\" > /dev/null\nif [ $? != 0 ] ; then\n    # print error to STDERR\n    echo \"error: The sandbox is not in sync with the Podfile.lock. Run 'pod install' or update your CocoaPods installation.\" >&2\n    exit 1\nfi\n# This output is used by Xcode 'outputs' to avoid re-running this script phase.\necho \"SUCCESS\" > \"${SCRIPT_OUTPUT_FILE_0}\"\n";
			showEnvVarsInLog = 0;
		};
		D0854D78CC2060025E66ADA5 /* [CP] Check Pods Manifest.lock */ = {
			isa = PBXShellScriptBuildPhase;
			buildActionMask = 2147483647;
			files = (
			);
			inputPaths = (
				"${PODS_PODFILE_DIR_PATH}/Podfile.lock",
				"${PODS_ROOT}/Manifest.lock",
			);
			name = "[CP] Check Pods Manifest.lock";
			outputPaths = (
				"$(DERIVED_FILE_DIR)/Pods-TICircleProgressView-checkManifestLockResult.txt",
			);
			runOnlyForDeploymentPostprocessing = 0;
			shellPath = /bin/sh;
			shellScript = "diff \"${PODS_PODFILE_DIR_PATH}/Podfile.lock\" \"${PODS_ROOT}/Manifest.lock\" > /dev/null\nif [ $? != 0 ] ; then\n    # print error to STDERR\n    echo \"error: The sandbox is not in sync with the Podfile.lock. Run 'pod install' or update your CocoaPods installation.\" >&2\n    exit 1\nfi\n# This output is used by Xcode 'outputs' to avoid re-running this script phase.\necho \"SUCCESS\" > \"${SCRIPT_OUTPUT_FILE_0}\"\n";
			showEnvVarsInLog = 0;
		};
		EE07C9994690C30DB163B954 /* [CP] Copy Pods Resources */ = {
			isa = PBXShellScriptBuildPhase;
			buildActionMask = 2147483647;
			files = (
			);
			inputPaths = (
			);
			name = "[CP] Copy Pods Resources";
			outputPaths = (
			);
			runOnlyForDeploymentPostprocessing = 0;
			shellPath = /bin/sh;
			shellScript = "\"${SRCROOT}/Pods/Target Support Files/Pods-TICircleProgressView/Pods-TICircleProgressView-resources.sh\"\n";
			showEnvVarsInLog = 0;
		};
/* End PBXShellScriptBuildPhase section */

/* Begin PBXSourcesBuildPhase section */
		4E50C2291CC920D4007FEBBB /* Sources */ = {
			isa = PBXSourcesBuildPhase;
			buildActionMask = 2147483647;
			files = (
				4E50C2331CC920D4007FEBBB /* ViewController.swift in Sources */,
				4E50C2311CC920D4007FEBBB /* AppDelegate.swift in Sources */,
			);
			runOnlyForDeploymentPostprocessing = 0;
		};
		4E50C23D1CC920D4007FEBBB /* Sources */ = {
			isa = PBXSourcesBuildPhase;
			buildActionMask = 2147483647;
			files = (
				4E50C2461CC920D4007FEBBB /* TICircleProgressTests.swift in Sources */,
			);
			runOnlyForDeploymentPostprocessing = 0;
		};
/* End PBXSourcesBuildPhase section */

/* Begin PBXTargetDependency section */
		4E50C2431CC920D4007FEBBB /* PBXTargetDependency */ = {
			isa = PBXTargetDependency;
			target = 4E50C22C1CC920D4007FEBBB /* TICircleProgressView */;
			targetProxy = 4E50C2421CC920D4007FEBBB /* PBXContainerItemProxy */;
		};
/* End PBXTargetDependency section */

/* Begin PBXVariantGroup section */
		4E50C2341CC920D4007FEBBB /* Main.storyboard */ = {
			isa = PBXVariantGroup;
			children = (
				4E50C2351CC920D4007FEBBB /* Base */,
			);
			name = Main.storyboard;
			sourceTree = "<group>";
		};
		4E50C2391CC920D4007FEBBB /* LaunchScreen.storyboard */ = {
			isa = PBXVariantGroup;
			children = (
				4E50C23A1CC920D4007FEBBB /* Base */,
			);
			name = LaunchScreen.storyboard;
			sourceTree = "<group>";
		};
/* End PBXVariantGroup section */

/* Begin XCBuildConfiguration section */
		4E50C2481CC920D4007FEBBB /* Debug */ = {
			isa = XCBuildConfiguration;
			buildSettings = {
				ALWAYS_SEARCH_USER_PATHS = NO;
				CLANG_ANALYZER_NONNULL = YES;
				CLANG_CXX_LANGUAGE_STANDARD = "gnu++0x";
				CLANG_CXX_LIBRARY = "libc++";
				CLANG_ENABLE_MODULES = YES;
				CLANG_ENABLE_OBJC_ARC = YES;
				CLANG_WARN_BOOL_CONVERSION = YES;
				CLANG_WARN_CONSTANT_CONVERSION = YES;
				CLANG_WARN_DIRECT_OBJC_ISA_USAGE = YES_ERROR;
				CLANG_WARN_EMPTY_BODY = YES;
				CLANG_WARN_ENUM_CONVERSION = YES;
				CLANG_WARN_INFINITE_RECURSION = YES;
				CLANG_WARN_INT_CONVERSION = YES;
				CLANG_WARN_OBJC_ROOT_CLASS = YES_ERROR;
				CLANG_WARN_SUSPICIOUS_MOVE = YES;
				CLANG_WARN_UNREACHABLE_CODE = YES;
				CLANG_WARN__DUPLICATE_METHOD_MATCH = YES;
				"CODE_SIGN_IDENTITY[sdk=iphoneos*]" = "iPhone Developer";
				COPY_PHASE_STRIP = NO;
				DEBUG_INFORMATION_FORMAT = dwarf;
				ENABLE_STRICT_OBJC_MSGSEND = YES;
				ENABLE_TESTABILITY = YES;
				GCC_C_LANGUAGE_STANDARD = gnu99;
				GCC_DYNAMIC_NO_PIC = NO;
				GCC_NO_COMMON_BLOCKS = YES;
				GCC_OPTIMIZATION_LEVEL = 0;
				GCC_PREPROCESSOR_DEFINITIONS = (
					"DEBUG=1",
					"$(inherited)",
				);
				GCC_WARN_64_TO_32_BIT_CONVERSION = YES;
				GCC_WARN_ABOUT_RETURN_TYPE = YES_ERROR;
				GCC_WARN_UNDECLARED_SELECTOR = YES;
				GCC_WARN_UNINITIALIZED_AUTOS = YES_AGGRESSIVE;
				GCC_WARN_UNUSED_FUNCTION = YES;
				GCC_WARN_UNUSED_VARIABLE = YES;
				IPHONEOS_DEPLOYMENT_TARGET = 9.3;
				MTL_ENABLE_DEBUG_INFO = YES;
				ONLY_ACTIVE_ARCH = YES;
				SDKROOT = iphoneos;
				SWIFT_OPTIMIZATION_LEVEL = "-Onone";
			};
			name = Debug;
		};
		4E50C2491CC920D4007FEBBB /* Release */ = {
			isa = XCBuildConfiguration;
			buildSettings = {
				ALWAYS_SEARCH_USER_PATHS = NO;
				CLANG_ANALYZER_NONNULL = YES;
				CLANG_CXX_LANGUAGE_STANDARD = "gnu++0x";
				CLANG_CXX_LIBRARY = "libc++";
				CLANG_ENABLE_MODULES = YES;
				CLANG_ENABLE_OBJC_ARC = YES;
				CLANG_WARN_BOOL_CONVERSION = YES;
				CLANG_WARN_CONSTANT_CONVERSION = YES;
				CLANG_WARN_DIRECT_OBJC_ISA_USAGE = YES_ERROR;
				CLANG_WARN_EMPTY_BODY = YES;
				CLANG_WARN_ENUM_CONVERSION = YES;
				CLANG_WARN_INFINITE_RECURSION = YES;
				CLANG_WARN_INT_CONVERSION = YES;
				CLANG_WARN_OBJC_ROOT_CLASS = YES_ERROR;
				CLANG_WARN_SUSPICIOUS_MOVE = YES;
				CLANG_WARN_UNREACHABLE_CODE = YES;
				CLANG_WARN__DUPLICATE_METHOD_MATCH = YES;
				"CODE_SIGN_IDENTITY[sdk=iphoneos*]" = "iPhone Developer";
				COPY_PHASE_STRIP = NO;
				DEBUG_INFORMATION_FORMAT = "dwarf-with-dsym";
				ENABLE_NS_ASSERTIONS = NO;
				ENABLE_STRICT_OBJC_MSGSEND = YES;
				GCC_C_LANGUAGE_STANDARD = gnu99;
				GCC_NO_COMMON_BLOCKS = YES;
				GCC_WARN_64_TO_32_BIT_CONVERSION = YES;
				GCC_WARN_ABOUT_RETURN_TYPE = YES_ERROR;
				GCC_WARN_UNDECLARED_SELECTOR = YES;
				GCC_WARN_UNINITIALIZED_AUTOS = YES_AGGRESSIVE;
				GCC_WARN_UNUSED_FUNCTION = YES;
				GCC_WARN_UNUSED_VARIABLE = YES;
				IPHONEOS_DEPLOYMENT_TARGET = 9.3;
				MTL_ENABLE_DEBUG_INFO = NO;
				SDKROOT = iphoneos;
				SWIFT_OPTIMIZATION_LEVEL = "-Owholemodule";
				VALIDATE_PRODUCT = YES;
			};
			name = Release;
		};
		4E50C24B1CC920D4007FEBBB /* Debug */ = {
			isa = XCBuildConfiguration;
			baseConfigurationReference = 00D3E5A7050D9821A9B178C2 /* Pods-TICircleProgressView.debug.xcconfig */;
			buildSettings = {
				ALWAYS_EMBED_SWIFT_STANDARD_LIBRARIES = "$(inherited)";
				ASSETCATALOG_COMPILER_APPICON_NAME = AppIcon;
				DEVELOPMENT_TEAM = 9C759Q4CFH;
				INFOPLIST_FILE = TICircleProgress/Info.plist;
				IPHONEOS_DEPLOYMENT_TARGET = 10.1;
				LD_RUNPATH_SEARCH_PATHS = "$(inherited) @executable_path/Frameworks";
				PRODUCT_BUNDLE_IDENTIFIER = com.teisaacs.TICircleProgressDemo;
				PRODUCT_NAME = TICircleProgressView;
				SWIFT_SWIFT3_OBJC_INFERENCE = Default;
				SWIFT_VERSION = 4.0;
			};
			name = Debug;
		};
		4E50C24C1CC920D4007FEBBB /* Release */ = {
			isa = XCBuildConfiguration;
			baseConfigurationReference = 374A5DB1CFA970736D03CBB4 /* Pods-TICircleProgressView.release.xcconfig */;
			buildSettings = {
				ALWAYS_EMBED_SWIFT_STANDARD_LIBRARIES = "$(inherited)";
				ASSETCATALOG_COMPILER_APPICON_NAME = AppIcon;
				DEVELOPMENT_TEAM = 9C759Q4CFH;
				INFOPLIST_FILE = TICircleProgress/Info.plist;
				IPHONEOS_DEPLOYMENT_TARGET = 10.1;
				LD_RUNPATH_SEARCH_PATHS = "$(inherited) @executable_path/Frameworks";
				PRODUCT_BUNDLE_IDENTIFIER = com.teisaacs.TICircleProgressDemo;
				PRODUCT_NAME = TICircleProgressView;
				SWIFT_SWIFT3_OBJC_INFERENCE = Default;
				SWIFT_VERSION = 4.0;
			};
			name = Release;
		};
		4E50C24E1CC920D4007FEBBB /* Debug */ = {
			isa = XCBuildConfiguration;
			baseConfigurationReference = 3D5B4E779F2E1A11A7DFB15F /* Pods-TICircleProgressViewTests.debug.xcconfig */;
			buildSettings = {
				ALWAYS_EMBED_SWIFT_STANDARD_LIBRARIES = "$(inherited)";
				BUNDLE_LOADER = "$(TEST_HOST)";
				DEVELOPMENT_TEAM = 9C759Q4CFH;
				INFOPLIST_FILE = TICircleProgressTests/Info.plist;
				LD_RUNPATH_SEARCH_PATHS = "$(inherited) @executable_path/Frameworks @loader_path/Frameworks";
				PRODUCT_BUNDLE_IDENTIFIER = com.teisaacs.TICircleProgressTests;
				PRODUCT_NAME = TICircleProgressView;
				SWIFT_SWIFT3_OBJC_INFERENCE = Default;
				SWIFT_VERSION = 4.0;
				TEST_HOST = "$(BUILT_PRODUCTS_DIR)/TICircleProgressView.app/TICircleProgressView";
			};
			name = Debug;
		};
		4E50C24F1CC920D4007FEBBB /* Release */ = {
			isa = XCBuildConfiguration;
			baseConfigurationReference = AB9CB0C2960E4C099F37159F /* Pods-TICircleProgressViewTests.release.xcconfig */;
			buildSettings = {
				ALWAYS_EMBED_SWIFT_STANDARD_LIBRARIES = "$(inherited)";
				BUNDLE_LOADER = "$(TEST_HOST)";
				DEVELOPMENT_TEAM = 9C759Q4CFH;
				INFOPLIST_FILE = TICircleProgressTests/Info.plist;
				LD_RUNPATH_SEARCH_PATHS = "$(inherited) @executable_path/Frameworks @loader_path/Frameworks";
				PRODUCT_BUNDLE_IDENTIFIER = com.teisaacs.TICircleProgressTests;
				PRODUCT_NAME = TICircleProgressView;
				SWIFT_SWIFT3_OBJC_INFERENCE = Default;
				SWIFT_VERSION = 4.0;
				TEST_HOST = "$(BUILT_PRODUCTS_DIR)/TICircleProgressView.app/TICircleProgressView";
			};
			name = Release;
		};
/* End XCBuildConfiguration section */

/* Begin XCConfigurationList section */
		4E50C2281CC920D4007FEBBB /* Build configuration list for PBXProject "TICircleProgressView" */ = {
			isa = XCConfigurationList;
			buildConfigurations = (
				4E50C2481CC920D4007FEBBB /* Debug */,
				4E50C2491CC920D4007FEBBB /* Release */,
			);
			defaultConfigurationIsVisible = 0;
			defaultConfigurationName = Release;
		};
		4E50C24A1CC920D4007FEBBB /* Build configuration list for PBXNativeTarget "TICircleProgressView" */ = {
			isa = XCConfigurationList;
			buildConfigurations = (
				4E50C24B1CC920D4007FEBBB /* Debug */,
				4E50C24C1CC920D4007FEBBB /* Release */,
			);
			defaultConfigurationIsVisible = 0;
			defaultConfigurationName = Release;
		};
		4E50C24D1CC920D4007FEBBB /* Build configuration list for PBXNativeTarget "TICircleProgressViewTests" */ = {
			isa = XCConfigurationList;
			buildConfigurations = (
				4E50C24E1CC920D4007FEBBB /* Debug */,
				4E50C24F1CC920D4007FEBBB /* Release */,
			);
			defaultConfigurationIsVisible = 0;
			defaultConfigurationName = Release;
		};
/* End XCConfigurationList section */
	};
	rootObject = 4E50C2251CC920D4007FEBBB /* Project object */;
}
